
Microsoft Visual Studio Solution File, Format Version 12.00
# Visual Studio Version 17
VisualStudioVersion = 17.10.35013.160
MinimumVisualStudioVersion = 10.0.40219.1
Project("{FAE04EC0-301F-11D3-BF4B-00C04F79EFBC}") = "ex02Obj", "ex02Obj\ex02Obj.csproj", "{6882A1FD-33C7-4458-A2A7-46DE971D75DB}"
EndProject
Global
	GlobalSection(SolutionConfigurationPlatforms) = preSolution
		Debug|Any CPU = Debug|Any CPU
		Release|Any CPU = Release|Any CPU
	EndGlobalSection
	GlobalSection(ProjectConfigurationPlatforms) = postSolution
		{6882A1FD-33C7-4458-A2A7-46DE971D75DB}.Debug|Any CPU.ActiveCfg = Debug|Any CPU
		{6882A1FD-33C7-4458-A2A7-46DE971D75DB}.Debug|Any CPU.Build.0 = Debug|Any CPU
		{6882A1FD-33C7-4458-A2A7-46DE971D75DB}.Release|Any CPU.ActiveCfg = Release|Any CPU
		{6882A1FD-33C7-4458-A2A7-46DE971D75DB}.Release|Any CPU.Build.0 = Release|Any CPU
	EndGlobalSection
	GlobalSection(SolutionProperties) = preSolution
		HideSolutionNode = FALSE
	EndGlobalSection
	GlobalSection(ExtensibilityGlobals) = postSolution
		SolutionGuid = {11959950-801B-4FBA-BE67-D7119FCC6075}
	EndGlobalSection
EndGlobal
