
Microsoft Visual Studio Solution File, Format Version 12.00
# Visual Studio Version 17
VisualStudioVersion = 17.10.35013.160
MinimumVisualStudioVersion = 10.0.40219.1
Project("{FAE04EC0-301F-11D3-BF4B-00C04F79EFBC}") = "1188", "1188\1188.csproj", "{9601E300-D267-4955-A814-061BA5E1DB0D}"
EndProject
Global
	GlobalSection(SolutionConfigurationPlatforms) = preSolution
		Debug|Any CPU = Debug|Any CPU
		Release|Any CPU = Release|Any CPU
	EndGlobalSection
	GlobalSection(ProjectConfigurationPlatforms) = postSolution
		{9601E300-D267-4955-A814-061BA5E1DB0D}.Debug|Any CPU.ActiveCfg = Debug|Any CPU
		{9601E300-D267-4955-A814-061BA5E1DB0D}.Debug|Any CPU.Build.0 = Debug|Any CPU
		{9601E300-D267-4955-A814-061BA5E1DB0D}.Release|Any CPU.ActiveCfg = Release|Any CPU
		{9601E300-D267-4955-A814-061BA5E1DB0D}.Release|Any CPU.Build.0 = Release|Any CPU
	EndGlobalSection
	GlobalSection(SolutionProperties) = preSolution
		HideSolutionNode = FALSE
	EndGlobalSection
	GlobalSection(ExtensibilityGlobals) = postSolution
		SolutionGuid = {4F1449A4-B5B1-4E40-B8D2-0A5A3134EF9B}
	EndGlobalSection
EndGlobal
