
Microsoft Visual Studio Solution File, Format Version 12.00
# Visual Studio Version 17
VisualStudioVersion = 17.10.35013.160
MinimumVisualStudioVersion = 10.0.40219.1
Project("{FAE04EC0-301F-11D3-BF4B-00C04F79EFBC}") = "1096", "1096\1096.csproj", "{39ACF98B-51EE-4CC1-9880-2389E8ADCFC4}"
EndProject
Global
	GlobalSection(SolutionConfigurationPlatforms) = preSolution
		Debug|Any CPU = Debug|Any CPU
		Release|Any CPU = Release|Any CPU
	EndGlobalSection
	GlobalSection(ProjectConfigurationPlatforms) = postSolution
		{39ACF98B-51EE-4CC1-9880-2389E8ADCFC4}.Debug|Any CPU.ActiveCfg = Debug|Any CPU
		{39ACF98B-51EE-4CC1-9880-2389E8ADCFC4}.Debug|Any CPU.Build.0 = Debug|Any CPU
		{39ACF98B-51EE-4CC1-9880-2389E8ADCFC4}.Release|Any CPU.ActiveCfg = Release|Any CPU
		{39ACF98B-51EE-4CC1-9880-2389E8ADCFC4}.Release|Any CPU.Build.0 = Release|Any CPU
	EndGlobalSection
	GlobalSection(SolutionProperties) = preSolution
		HideSolutionNode = FALSE
	EndGlobalSection
	GlobalSection(ExtensibilityGlobals) = postSolution
		SolutionGuid = {BA8F3533-4B54-4DA6-8D6F-F5E14B25C33B}
	EndGlobalSection
EndGlobal
