
Microsoft Visual Studio Solution File, Format Version 12.00
# Visual Studio Version 17
VisualStudioVersion = 17.10.35013.160
MinimumVisualStudioVersion = 10.0.40219.1
Project("{FAE04EC0-301F-11D3-BF4B-00C04F79EFBC}") = "1143", "1143\1143.csproj", "{09402F0B-B4CF-4942-98AE-5AE2C22D41F1}"
EndProject
Global
	GlobalSection(SolutionConfigurationPlatforms) = preSolution
		Debug|Any CPU = Debug|Any CPU
		Release|Any CPU = Release|Any CPU
	EndGlobalSection
	GlobalSection(ProjectConfigurationPlatforms) = postSolution
		{09402F0B-B4CF-4942-98AE-5AE2C22D41F1}.Debug|Any CPU.ActiveCfg = Debug|Any CPU
		{09402F0B-B4CF-4942-98AE-5AE2C22D41F1}.Debug|Any CPU.Build.0 = Debug|Any CPU
		{09402F0B-B4CF-4942-98AE-5AE2C22D41F1}.Release|Any CPU.ActiveCfg = Release|Any CPU
		{09402F0B-B4CF-4942-98AE-5AE2C22D41F1}.Release|Any CPU.Build.0 = Release|Any CPU
	EndGlobalSection
	GlobalSection(SolutionProperties) = preSolution
		HideSolutionNode = FALSE
	EndGlobalSection
	GlobalSection(ExtensibilityGlobals) = postSolution
		SolutionGuid = {C2AEB72F-931B-4112-9CF8-D22A5939388C}
	EndGlobalSection
EndGlobal
