
Microsoft Visual Studio Solution File, Format Version 12.00
# Visual Studio Version 17
VisualStudioVersion = 17.10.35013.160
MinimumVisualStudioVersion = 10.0.40219.1
Project("{FAE04EC0-301F-11D3-BF4B-00C04F79EFBC}") = "118", "118\118.csproj", "{6DD111E7-9898-4DE2-8657-623990D26576}"
EndProject
Global
	GlobalSection(SolutionConfigurationPlatforms) = preSolution
		Debug|Any CPU = Debug|Any CPU
		Release|Any CPU = Release|Any CPU
	EndGlobalSection
	GlobalSection(ProjectConfigurationPlatforms) = postSolution
		{6DD111E7-9898-4DE2-8657-623990D26576}.Debug|Any CPU.ActiveCfg = Debug|Any CPU
		{6DD111E7-9898-4DE2-8657-623990D26576}.Debug|Any CPU.Build.0 = Debug|Any CPU
		{6DD111E7-9898-4DE2-8657-623990D26576}.Release|Any CPU.ActiveCfg = Release|Any CPU
		{6DD111E7-9898-4DE2-8657-623990D26576}.Release|Any CPU.Build.0 = Release|Any CPU
	EndGlobalSection
	GlobalSection(SolutionProperties) = preSolution
		HideSolutionNode = FALSE
	EndGlobalSection
	GlobalSection(ExtensibilityGlobals) = postSolution
		SolutionGuid = {25FC21FA-82DE-4406-866D-E667EBBB8290}
	EndGlobalSection
EndGlobal
