
Microsoft Visual Studio Solution File, Format Version 12.00
# Visual Studio Version 17
VisualStudioVersion = 17.10.35013.160
MinimumVisualStudioVersion = 10.0.40219.1
Project("{FAE04EC0-301F-11D3-BF4B-00C04F79EFBC}") = "ex03ifElse", "ex03ifElse\ex03ifElse.csproj", "{E01F5440-B464-4791-B103-F63F920FD980}"
EndProject
Global
	GlobalSection(SolutionConfigurationPlatforms) = preSolution
		Debug|Any CPU = Debug|Any CPU
		Release|Any CPU = Release|Any CPU
	EndGlobalSection
	GlobalSection(ProjectConfigurationPlatforms) = postSolution
		{E01F5440-B464-4791-B103-F63F920FD980}.Debug|Any CPU.ActiveCfg = Debug|Any CPU
		{E01F5440-B464-4791-B103-F63F920FD980}.Debug|Any CPU.Build.0 = Debug|Any CPU
		{E01F5440-B464-4791-B103-F63F920FD980}.Release|Any CPU.ActiveCfg = Release|Any CPU
		{E01F5440-B464-4791-B103-F63F920FD980}.Release|Any CPU.Build.0 = Release|Any CPU
	EndGlobalSection
	GlobalSection(SolutionProperties) = preSolution
		HideSolutionNode = FALSE
	EndGlobalSection
	GlobalSection(ExtensibilityGlobals) = postSolution
		SolutionGuid = {3081FD89-C14E-4045-858A-5995B6E384A5}
	EndGlobalSection
EndGlobal
