
Microsoft Visual Studio Solution File, Format Version 12.00
# Visual Studio Version 17
VisualStudioVersion = 17.10.35013.160
MinimumVisualStudioVersion = 10.0.40219.1
Project("{FAE04EC0-301F-11D3-BF4B-00C04F79EFBC}") = "EX1ifElse", "EX1ifElse\EX1ifElse.csproj", "{2821C2E9-7923-43BF-849B-67790BC3E1A5}"
EndProject
Global
	GlobalSection(SolutionConfigurationPlatforms) = preSolution
		Debug|Any CPU = Debug|Any CPU
		Release|Any CPU = Release|Any CPU
	EndGlobalSection
	GlobalSection(ProjectConfigurationPlatforms) = postSolution
		{2821C2E9-7923-43BF-849B-67790BC3E1A5}.Debug|Any CPU.ActiveCfg = Debug|Any CPU
		{2821C2E9-7923-43BF-849B-67790BC3E1A5}.Debug|Any CPU.Build.0 = Debug|Any CPU
		{2821C2E9-7923-43BF-849B-67790BC3E1A5}.Release|Any CPU.ActiveCfg = Release|Any CPU
		{2821C2E9-7923-43BF-849B-67790BC3E1A5}.Release|Any CPU.Build.0 = Release|Any CPU
	EndGlobalSection
	GlobalSection(SolutionProperties) = preSolution
		HideSolutionNode = FALSE
	EndGlobalSection
	GlobalSection(ExtensibilityGlobals) = postSolution
		SolutionGuid = {381434F7-DA6D-439E-82BE-485DD6FDF0FC}
	EndGlobalSection
EndGlobal
