
Microsoft Visual Studio Solution File, Format Version 12.00
# Visual Studio Version 17
VisualStudioVersion = 17.10.35013.160
MinimumVisualStudioVersion = 10.0.40219.1
Project("{FAE04EC0-301F-11D3-BF4B-00C04F79EFBC}") = "1173", "1173\1173.csproj", "{D2633556-3FDB-4075-BBFD-A572195EA144}"
EndProject
Global
	GlobalSection(SolutionConfigurationPlatforms) = preSolution
		Debug|Any CPU = Debug|Any CPU
		Release|Any CPU = Release|Any CPU
	EndGlobalSection
	GlobalSection(ProjectConfigurationPlatforms) = postSolution
		{D2633556-3FDB-4075-BBFD-A572195EA144}.Debug|Any CPU.ActiveCfg = Debug|Any CPU
		{D2633556-3FDB-4075-BBFD-A572195EA144}.Debug|Any CPU.Build.0 = Debug|Any CPU
		{D2633556-3FDB-4075-BBFD-A572195EA144}.Release|Any CPU.ActiveCfg = Release|Any CPU
		{D2633556-3FDB-4075-BBFD-A572195EA144}.Release|Any CPU.Build.0 = Release|Any CPU
	EndGlobalSection
	GlobalSection(SolutionProperties) = preSolution
		HideSolutionNode = FALSE
	EndGlobalSection
	GlobalSection(ExtensibilityGlobals) = postSolution
		SolutionGuid = {9280D729-2D10-4EC4-8106-1CB7A155AE8B}
	EndGlobalSection
EndGlobal
