
Microsoft Visual Studio Solution File, Format Version 12.00
# Visual Studio Version 17
VisualStudioVersion = 17.10.35013.160
MinimumVisualStudioVersion = 10.0.40219.1
Project("{FAE04EC0-301F-11D3-BF4B-00C04F79EFBC}") = "ConsoleApp3", "ConsoleApp3\ConsoleApp3.csproj", "{263E2219-4172-4C34-95E8-F23E03636B7B}"
EndProject
Global
	GlobalSection(SolutionConfigurationPlatforms) = preSolution
		Debug|Any CPU = Debug|Any CPU
		Release|Any CPU = Release|Any CPU
	EndGlobalSection
	GlobalSection(ProjectConfigurationPlatforms) = postSolution
		{263E2219-4172-4C34-95E8-F23E03636B7B}.Debug|Any CPU.ActiveCfg = Debug|Any CPU
		{263E2219-4172-4C34-95E8-F23E03636B7B}.Debug|Any CPU.Build.0 = Debug|Any CPU
		{263E2219-4172-4C34-95E8-F23E03636B7B}.Release|Any CPU.ActiveCfg = Release|Any CPU
		{263E2219-4172-4C34-95E8-F23E03636B7B}.Release|Any CPU.Build.0 = Release|Any CPU
	EndGlobalSection
	GlobalSection(SolutionProperties) = preSolution
		HideSolutionNode = FALSE
	EndGlobalSection
	GlobalSection(ExtensibilityGlobals) = postSolution
		SolutionGuid = {A01A3A59-C65D-4ACD-8BBC-72D4E1B5E1CB}
	EndGlobalSection
EndGlobal
