
Microsoft Visual Studio Solution File, Format Version 12.00
# Visual Studio Version 17
VisualStudioVersion = 17.10.35013.160
MinimumVisualStudioVersion = 10.0.40219.1
Project("{FAE04EC0-301F-11D3-BF4B-00C04F79EFBC}") = "ex3", "ex3\ex3.csproj", "{034C0A56-095E-498F-A2C4-13DCEED39356}"
EndProject
Global
	GlobalSection(SolutionConfigurationPlatforms) = preSolution
		Debug|Any CPU = Debug|Any CPU
		Release|Any CPU = Release|Any CPU
	EndGlobalSection
	GlobalSection(ProjectConfigurationPlatforms) = postSolution
		{034C0A56-095E-498F-A2C4-13DCEED39356}.Debug|Any CPU.ActiveCfg = Debug|Any CPU
		{034C0A56-095E-498F-A2C4-13DCEED39356}.Debug|Any CPU.Build.0 = Debug|Any CPU
		{034C0A56-095E-498F-A2C4-13DCEED39356}.Release|Any CPU.ActiveCfg = Release|Any CPU
		{034C0A56-095E-498F-A2C4-13DCEED39356}.Release|Any CPU.Build.0 = Release|Any CPU
	EndGlobalSection
	GlobalSection(SolutionProperties) = preSolution
		HideSolutionNode = FALSE
	EndGlobalSection
	GlobalSection(ExtensibilityGlobals) = postSolution
		SolutionGuid = {5204B54C-2613-4302-B1F7-C543EA17E87E}
	EndGlobalSection
EndGlobal
