
Microsoft Visual Studio Solution File, Format Version 12.00
# Visual Studio Version 17
VisualStudioVersion = 17.10.35013.160
MinimumVisualStudioVersion = 10.0.40219.1
Project("{FAE04EC0-301F-11D3-BF4B-00C04F79EFBC}") = "exvet01", "exvet01\exvet01.csproj", "{4E981522-61EA-4234-BB1A-D76F79C8F633}"
EndProject
Global
	GlobalSection(SolutionConfigurationPlatforms) = preSolution
		Debug|Any CPU = Debug|Any CPU
		Release|Any CPU = Release|Any CPU
	EndGlobalSection
	GlobalSection(ProjectConfigurationPlatforms) = postSolution
		{4E981522-61EA-4234-BB1A-D76F79C8F633}.Debug|Any CPU.ActiveCfg = Debug|Any CPU
		{4E981522-61EA-4234-BB1A-D76F79C8F633}.Debug|Any CPU.Build.0 = Debug|Any CPU
		{4E981522-61EA-4234-BB1A-D76F79C8F633}.Release|Any CPU.ActiveCfg = Release|Any CPU
		{4E981522-61EA-4234-BB1A-D76F79C8F633}.Release|Any CPU.Build.0 = Release|Any CPU
	EndGlobalSection
	GlobalSection(SolutionProperties) = preSolution
		HideSolutionNode = FALSE
	EndGlobalSection
	GlobalSection(ExtensibilityGlobals) = postSolution
		SolutionGuid = {1AFF0D82-5C61-4CE4-96FA-44CA1CCF726A}
	EndGlobalSection
EndGlobal
