
Microsoft Visual Studio Solution File, Format Version 12.00
# Visual Studio Version 17
VisualStudioVersion = 17.10.35013.160
MinimumVisualStudioVersion = 10.0.40219.1
Project("{FAE04EC0-301F-11D3-BF4B-00C04F79EFBC}") = "exvet07", "exvet07\exvet07.csproj", "{79B3A0D6-64BF-4A99-AED8-71872A644EDA}"
EndProject
Global
	GlobalSection(SolutionConfigurationPlatforms) = preSolution
		Debug|Any CPU = Debug|Any CPU
		Release|Any CPU = Release|Any CPU
	EndGlobalSection
	GlobalSection(ProjectConfigurationPlatforms) = postSolution
		{79B3A0D6-64BF-4A99-AED8-71872A644EDA}.Debug|Any CPU.ActiveCfg = Debug|Any CPU
		{79B3A0D6-64BF-4A99-AED8-71872A644EDA}.Debug|Any CPU.Build.0 = Debug|Any CPU
		{79B3A0D6-64BF-4A99-AED8-71872A644EDA}.Release|Any CPU.ActiveCfg = Release|Any CPU
		{79B3A0D6-64BF-4A99-AED8-71872A644EDA}.Release|Any CPU.Build.0 = Release|Any CPU
	EndGlobalSection
	GlobalSection(SolutionProperties) = preSolution
		HideSolutionNode = FALSE
	EndGlobalSection
	GlobalSection(ExtensibilityGlobals) = postSolution
		SolutionGuid = {9EBCB0B0-6F3C-49BA-B9ED-B48D50AB4C55}
	EndGlobalSection
EndGlobal
