
Microsoft Visual Studio Solution File, Format Version 12.00
# Visual Studio Version 17
VisualStudioVersion = 17.10.35013.160
MinimumVisualStudioVersion = 10.0.40219.1
Project("{FAE04EC0-301F-11D3-BF4B-00C04F79EFBC}") = "1047", "1047\1047.csproj", "{EB629EC4-79E6-43EA-8402-610161071FD3}"
EndProject
Global
	GlobalSection(SolutionConfigurationPlatforms) = preSolution
		Debug|Any CPU = Debug|Any CPU
		Release|Any CPU = Release|Any CPU
	EndGlobalSection
	GlobalSection(ProjectConfigurationPlatforms) = postSolution
		{EB629EC4-79E6-43EA-8402-610161071FD3}.Debug|Any CPU.ActiveCfg = Debug|Any CPU
		{EB629EC4-79E6-43EA-8402-610161071FD3}.Debug|Any CPU.Build.0 = Debug|Any CPU
		{EB629EC4-79E6-43EA-8402-610161071FD3}.Release|Any CPU.ActiveCfg = Release|Any CPU
		{EB629EC4-79E6-43EA-8402-610161071FD3}.Release|Any CPU.Build.0 = Release|Any CPU
	EndGlobalSection
	GlobalSection(SolutionProperties) = preSolution
		HideSolutionNode = FALSE
	EndGlobalSection
	GlobalSection(ExtensibilityGlobals) = postSolution
		SolutionGuid = {08D26626-CF2A-4BB2-A990-6A3E3638A3EE}
	EndGlobalSection
EndGlobal
