
Microsoft Visual Studio Solution File, Format Version 12.00
# Visual Studio Version 17
VisualStudioVersion = 17.10.35013.160
MinimumVisualStudioVersion = 10.0.40219.1
Project("{FAE04EC0-301F-11D3-BF4B-00C04F79EFBC}") = "1044", "1044\1044.csproj", "{0B9B0BAB-0D17-4B3C-B4FE-6FD168C7E49D}"
EndProject
Global
	GlobalSection(SolutionConfigurationPlatforms) = preSolution
		Debug|Any CPU = Debug|Any CPU
		Release|Any CPU = Release|Any CPU
	EndGlobalSection
	GlobalSection(ProjectConfigurationPlatforms) = postSolution
		{0B9B0BAB-0D17-4B3C-B4FE-6FD168C7E49D}.Debug|Any CPU.ActiveCfg = Debug|Any CPU
		{0B9B0BAB-0D17-4B3C-B4FE-6FD168C7E49D}.Debug|Any CPU.Build.0 = Debug|Any CPU
		{0B9B0BAB-0D17-4B3C-B4FE-6FD168C7E49D}.Release|Any CPU.ActiveCfg = Release|Any CPU
		{0B9B0BAB-0D17-4B3C-B4FE-6FD168C7E49D}.Release|Any CPU.Build.0 = Release|Any CPU
	EndGlobalSection
	GlobalSection(SolutionProperties) = preSolution
		HideSolutionNode = FALSE
	EndGlobalSection
	GlobalSection(ExtensibilityGlobals) = postSolution
		SolutionGuid = {90D64060-E074-4B68-9038-2520DB38732D}
	EndGlobalSection
EndGlobal
