
Microsoft Visual Studio Solution File, Format Version 12.00
# Visual Studio Version 17
VisualStudioVersion = 17.10.35013.160
MinimumVisualStudioVersion = 10.0.40219.1
Project("{FAE04EC0-301F-11D3-BF4B-00C04F79EFBC}") = "Course", "Enum\Course.csproj", "{28597097-FECF-4622-8260-3C98DDF6AC91}"
EndProject
Global
	GlobalSection(SolutionConfigurationPlatforms) = preSolution
		Debug|Any CPU = Debug|Any CPU
		Release|Any CPU = Release|Any CPU
	EndGlobalSection
	GlobalSection(ProjectConfigurationPlatforms) = postSolution
		{28597097-FECF-4622-8260-3C98DDF6AC91}.Debug|Any CPU.ActiveCfg = Debug|Any CPU
		{28597097-FECF-4622-8260-3C98DDF6AC91}.Debug|Any CPU.Build.0 = Debug|Any CPU
		{28597097-FECF-4622-8260-3C98DDF6AC91}.Release|Any CPU.ActiveCfg = Release|Any CPU
		{28597097-FECF-4622-8260-3C98DDF6AC91}.Release|Any CPU.Build.0 = Release|Any CPU
	EndGlobalSection
	GlobalSection(SolutionProperties) = preSolution
		HideSolutionNode = FALSE
	EndGlobalSection
	GlobalSection(ExtensibilityGlobals) = postSolution
		SolutionGuid = {D59ADC93-D288-4FFF-9CE8-1E259A4C9DAE}
	EndGlobalSection
EndGlobal
