
Microsoft Visual Studio Solution File, Format Version 12.00
# Visual Studio Version 17
VisualStudioVersion = 17.10.35013.160
MinimumVisualStudioVersion = 10.0.40219.1
Project("{FAE04EC0-301F-11D3-BF4B-00C04F79EFBC}") = "exvet05", "exvet05\exvet05.csproj", "{CC8BA599-2BCA-4751-98C8-37248E518DE7}"
EndProject
Global
	GlobalSection(SolutionConfigurationPlatforms) = preSolution
		Debug|Any CPU = Debug|Any CPU
		Release|Any CPU = Release|Any CPU
	EndGlobalSection
	GlobalSection(ProjectConfigurationPlatforms) = postSolution
		{CC8BA599-2BCA-4751-98C8-37248E518DE7}.Debug|Any CPU.ActiveCfg = Debug|Any CPU
		{CC8BA599-2BCA-4751-98C8-37248E518DE7}.Debug|Any CPU.Build.0 = Debug|Any CPU
		{CC8BA599-2BCA-4751-98C8-37248E518DE7}.Release|Any CPU.ActiveCfg = Release|Any CPU
		{CC8BA599-2BCA-4751-98C8-37248E518DE7}.Release|Any CPU.Build.0 = Release|Any CPU
	EndGlobalSection
	GlobalSection(SolutionProperties) = preSolution
		HideSolutionNode = FALSE
	EndGlobalSection
	GlobalSection(ExtensibilityGlobals) = postSolution
		SolutionGuid = {7F32D083-ABB0-4144-B5A3-78857DD7435E}
	EndGlobalSection
EndGlobal
