
Microsoft Visual Studio Solution File, Format Version 12.00
# Visual Studio Version 17
VisualStudioVersion = 17.10.35013.160
MinimumVisualStudioVersion = 10.0.40219.1
Project("{FAE04EC0-301F-11D3-BF4B-00C04F79EFBC}") = "1155", "1155\1155.csproj", "{DAEB312D-6337-4352-AF57-42EA1D5A0DF3}"
EndProject
Global
	GlobalSection(SolutionConfigurationPlatforms) = preSolution
		Debug|Any CPU = Debug|Any CPU
		Release|Any CPU = Release|Any CPU
	EndGlobalSection
	GlobalSection(ProjectConfigurationPlatforms) = postSolution
		{DAEB312D-6337-4352-AF57-42EA1D5A0DF3}.Debug|Any CPU.ActiveCfg = Debug|Any CPU
		{DAEB312D-6337-4352-AF57-42EA1D5A0DF3}.Debug|Any CPU.Build.0 = Debug|Any CPU
		{DAEB312D-6337-4352-AF57-42EA1D5A0DF3}.Release|Any CPU.ActiveCfg = Release|Any CPU
		{DAEB312D-6337-4352-AF57-42EA1D5A0DF3}.Release|Any CPU.Build.0 = Release|Any CPU
	EndGlobalSection
	GlobalSection(SolutionProperties) = preSolution
		HideSolutionNode = FALSE
	EndGlobalSection
	GlobalSection(ExtensibilityGlobals) = postSolution
		SolutionGuid = {4860DA16-FD45-4501-AB2B-943C92D85655}
	EndGlobalSection
EndGlobal
