
Microsoft Visual Studio Solution File, Format Version 12.00
# Visual Studio Version 17
VisualStudioVersion = 17.10.35013.160
MinimumVisualStudioVersion = 10.0.40219.1
Project("{FAE04EC0-301F-11D3-BF4B-00C04F79EFBC}") = "ex02vet", "ex02vet\ex02vet.csproj", "{077989AB-F96A-48BE-B407-E58363777F4B}"
EndProject
Global
	GlobalSection(SolutionConfigurationPlatforms) = preSolution
		Debug|Any CPU = Debug|Any CPU
		Release|Any CPU = Release|Any CPU
	EndGlobalSection
	GlobalSection(ProjectConfigurationPlatforms) = postSolution
		{077989AB-F96A-48BE-B407-E58363777F4B}.Debug|Any CPU.ActiveCfg = Debug|Any CPU
		{077989AB-F96A-48BE-B407-E58363777F4B}.Debug|Any CPU.Build.0 = Debug|Any CPU
		{077989AB-F96A-48BE-B407-E58363777F4B}.Release|Any CPU.ActiveCfg = Release|Any CPU
		{077989AB-F96A-48BE-B407-E58363777F4B}.Release|Any CPU.Build.0 = Release|Any CPU
	EndGlobalSection
	GlobalSection(SolutionProperties) = preSolution
		HideSolutionNode = FALSE
	EndGlobalSection
	GlobalSection(ExtensibilityGlobals) = postSolution
		SolutionGuid = {50B49914-8AC0-4DF9-B12E-6C6A292BEDE5}
	EndGlobalSection
EndGlobal
