
Microsoft Visual Studio Solution File, Format Version 12.00
# Visual Studio Version 17
VisualStudioVersion = 17.10.35013.160
MinimumVisualStudioVersion = 10.0.40219.1
Project("{FAE04EC0-301F-11D3-BF4B-00C04F79EFBC}") = "1113", "1113\1113.csproj", "{7E467580-381A-4F39-B553-87585ED892B0}"
EndProject
Global
	GlobalSection(SolutionConfigurationPlatforms) = preSolution
		Debug|Any CPU = Debug|Any CPU
		Release|Any CPU = Release|Any CPU
	EndGlobalSection
	GlobalSection(ProjectConfigurationPlatforms) = postSolution
		{7E467580-381A-4F39-B553-87585ED892B0}.Debug|Any CPU.ActiveCfg = Debug|Any CPU
		{7E467580-381A-4F39-B553-87585ED892B0}.Debug|Any CPU.Build.0 = Debug|Any CPU
		{7E467580-381A-4F39-B553-87585ED892B0}.Release|Any CPU.ActiveCfg = Release|Any CPU
		{7E467580-381A-4F39-B553-87585ED892B0}.Release|Any CPU.Build.0 = Release|Any CPU
	EndGlobalSection
	GlobalSection(SolutionProperties) = preSolution
		HideSolutionNode = FALSE
	EndGlobalSection
	GlobalSection(ExtensibilityGlobals) = postSolution
		SolutionGuid = {CE00A1FB-3E3B-4B45-98DB-D2BD67D89F7A}
	EndGlobalSection
EndGlobal
