
Microsoft Visual Studio Solution File, Format Version 12.00
# Visual Studio Version 17
VisualStudioVersion = 17.10.35013.160
MinimumVisualStudioVersion = 10.0.40219.1
Project("{FAE04EC0-301F-11D3-BF4B-00C04F79EFBC}") = "exresolvido2", "exresolvido2\exresolvido2.csproj", "{FE79F692-D314-46EB-9776-139AF07C26C0}"
EndProject
Global
	GlobalSection(SolutionConfigurationPlatforms) = preSolution
		Debug|Any CPU = Debug|Any CPU
		Release|Any CPU = Release|Any CPU
	EndGlobalSection
	GlobalSection(ProjectConfigurationPlatforms) = postSolution
		{FE79F692-D314-46EB-9776-139AF07C26C0}.Debug|Any CPU.ActiveCfg = Debug|Any CPU
		{FE79F692-D314-46EB-9776-139AF07C26C0}.Debug|Any CPU.Build.0 = Debug|Any CPU
		{FE79F692-D314-46EB-9776-139AF07C26C0}.Release|Any CPU.ActiveCfg = Release|Any CPU
		{FE79F692-D314-46EB-9776-139AF07C26C0}.Release|Any CPU.Build.0 = Release|Any CPU
	EndGlobalSection
	GlobalSection(SolutionProperties) = preSolution
		HideSolutionNode = FALSE
	EndGlobalSection
	GlobalSection(ExtensibilityGlobals) = postSolution
		SolutionGuid = {BC552D4E-C952-417B-AFAB-FC7E1A364E84}
	EndGlobalSection
EndGlobal
