
Microsoft Visual Studio Solution File, Format Version 12.00
# Visual Studio Version 17
VisualStudioVersion = 17.10.35013.160
MinimumVisualStudioVersion = 10.0.40219.1
Project("{FAE04EC0-301F-11D3-BF4B-00C04F79EFBC}") = "1040", "1040\1040.csproj", "{67E83AD6-B0D8-4463-871A-95D8A4E491F7}"
EndProject
Global
	GlobalSection(SolutionConfigurationPlatforms) = preSolution
		Debug|Any CPU = Debug|Any CPU
		Release|Any CPU = Release|Any CPU
	EndGlobalSection
	GlobalSection(ProjectConfigurationPlatforms) = postSolution
		{67E83AD6-B0D8-4463-871A-95D8A4E491F7}.Debug|Any CPU.ActiveCfg = Debug|Any CPU
		{67E83AD6-B0D8-4463-871A-95D8A4E491F7}.Debug|Any CPU.Build.0 = Debug|Any CPU
		{67E83AD6-B0D8-4463-871A-95D8A4E491F7}.Release|Any CPU.ActiveCfg = Release|Any CPU
		{67E83AD6-B0D8-4463-871A-95D8A4E491F7}.Release|Any CPU.Build.0 = Release|Any CPU
	EndGlobalSection
	GlobalSection(SolutionProperties) = preSolution
		HideSolutionNode = FALSE
	EndGlobalSection
	GlobalSection(ExtensibilityGlobals) = postSolution
		SolutionGuid = {DA28EDC8-BDE9-4233-B3AE-B22CE731D54F}
	EndGlobalSection
EndGlobal
