
Microsoft Visual Studio Solution File, Format Version 12.00
# Visual Studio Version 17
VisualStudioVersion = 17.10.35013.160
MinimumVisualStudioVersion = 10.0.40219.1
Project("{FAE04EC0-301F-11D3-BF4B-00C04F79EFBC}") = "1164", "1164\1164.csproj", "{F76FB005-27A0-4099-BB4F-D9203D7B2092}"
EndProject
Global
	GlobalSection(SolutionConfigurationPlatforms) = preSolution
		Debug|Any CPU = Debug|Any CPU
		Release|Any CPU = Release|Any CPU
	EndGlobalSection
	GlobalSection(ProjectConfigurationPlatforms) = postSolution
		{F76FB005-27A0-4099-BB4F-D9203D7B2092}.Debug|Any CPU.ActiveCfg = Debug|Any CPU
		{F76FB005-27A0-4099-BB4F-D9203D7B2092}.Debug|Any CPU.Build.0 = Debug|Any CPU
		{F76FB005-27A0-4099-BB4F-D9203D7B2092}.Release|Any CPU.ActiveCfg = Release|Any CPU
		{F76FB005-27A0-4099-BB4F-D9203D7B2092}.Release|Any CPU.Build.0 = Release|Any CPU
	EndGlobalSection
	GlobalSection(SolutionProperties) = preSolution
		HideSolutionNode = FALSE
	EndGlobalSection
	GlobalSection(ExtensibilityGlobals) = postSolution
		SolutionGuid = {43ADDAFE-8E9A-495A-B076-7A4A2F177545}
	EndGlobalSection
EndGlobal
