
Microsoft Visual Studio Solution File, Format Version 12.00
# Visual Studio Version 17
VisualStudioVersion = 17.10.35013.160
MinimumVisualStudioVersion = 10.0.40219.1
Project("{FAE04EC0-301F-11D3-BF4B-00C04F79EFBC}") = "ConsoleApp5", "ConsoleApp5\ConsoleApp5.csproj", "{E9857B59-6CF2-436C-84C5-F4F565300E5F}"
EndProject
Global
	GlobalSection(SolutionConfigurationPlatforms) = preSolution
		Debug|Any CPU = Debug|Any CPU
		Release|Any CPU = Release|Any CPU
	EndGlobalSection
	GlobalSection(ProjectConfigurationPlatforms) = postSolution
		{E9857B59-6CF2-436C-84C5-F4F565300E5F}.Debug|Any CPU.ActiveCfg = Debug|Any CPU
		{E9857B59-6CF2-436C-84C5-F4F565300E5F}.Debug|Any CPU.Build.0 = Debug|Any CPU
		{E9857B59-6CF2-436C-84C5-F4F565300E5F}.Release|Any CPU.ActiveCfg = Release|Any CPU
		{E9857B59-6CF2-436C-84C5-F4F565300E5F}.Release|Any CPU.Build.0 = Release|Any CPU
	EndGlobalSection
	GlobalSection(SolutionProperties) = preSolution
		HideSolutionNode = FALSE
	EndGlobalSection
	GlobalSection(ExtensibilityGlobals) = postSolution
		SolutionGuid = {1CAAF03B-119C-4474-AEA1-43D6C2087E3A}
	EndGlobalSection
EndGlobal
