
Microsoft Visual Studio Solution File, Format Version 12.00
# Visual Studio Version 17
VisualStudioVersion = 17.10.35013.160
MinimumVisualStudioVersion = 10.0.40219.1
Project("{FAE04EC0-301F-11D3-BF4B-00C04F79EFBC}") = "1045", "1045\1045.csproj", "{6485D868-67CA-4C0A-83B0-923F2395F4DB}"
EndProject
Global
	GlobalSection(SolutionConfigurationPlatforms) = preSolution
		Debug|Any CPU = Debug|Any CPU
		Release|Any CPU = Release|Any CPU
	EndGlobalSection
	GlobalSection(ProjectConfigurationPlatforms) = postSolution
		{6485D868-67CA-4C0A-83B0-923F2395F4DB}.Debug|Any CPU.ActiveCfg = Debug|Any CPU
		{6485D868-67CA-4C0A-83B0-923F2395F4DB}.Debug|Any CPU.Build.0 = Debug|Any CPU
		{6485D868-67CA-4C0A-83B0-923F2395F4DB}.Release|Any CPU.ActiveCfg = Release|Any CPU
		{6485D868-67CA-4C0A-83B0-923F2395F4DB}.Release|Any CPU.Build.0 = Release|Any CPU
	EndGlobalSection
	GlobalSection(SolutionProperties) = preSolution
		HideSolutionNode = FALSE
	EndGlobalSection
	GlobalSection(ExtensibilityGlobals) = postSolution
		SolutionGuid = {C275DB61-BEBC-424E-8B41-66D5603085A3}
	EndGlobalSection
EndGlobal
