
Microsoft Visual Studio Solution File, Format Version 12.00
# Visual Studio Version 17
VisualStudioVersion = 17.10.35013.160
MinimumVisualStudioVersion = 10.0.40219.1
Project("{FAE04EC0-301F-11D3-BF4B-00C04F79EFBC}") = "1075", "1075\1075.csproj", "{06AEFC5B-80F3-4243-B30B-C8578151C816}"
EndProject
Global
	GlobalSection(SolutionConfigurationPlatforms) = preSolution
		Debug|Any CPU = Debug|Any CPU
		Release|Any CPU = Release|Any CPU
	EndGlobalSection
	GlobalSection(ProjectConfigurationPlatforms) = postSolution
		{06AEFC5B-80F3-4243-B30B-C8578151C816}.Debug|Any CPU.ActiveCfg = Debug|Any CPU
		{06AEFC5B-80F3-4243-B30B-C8578151C816}.Debug|Any CPU.Build.0 = Debug|Any CPU
		{06AEFC5B-80F3-4243-B30B-C8578151C816}.Release|Any CPU.ActiveCfg = Release|Any CPU
		{06AEFC5B-80F3-4243-B30B-C8578151C816}.Release|Any CPU.Build.0 = Release|Any CPU
	EndGlobalSection
	GlobalSection(SolutionProperties) = preSolution
		HideSolutionNode = FALSE
	EndGlobalSection
	GlobalSection(ExtensibilityGlobals) = postSolution
		SolutionGuid = {AF0F23FE-95E3-47F1-8248-B6DBBBE3EB8F}
	EndGlobalSection
EndGlobal
