
Microsoft Visual Studio Solution File, Format Version 12.00
# Visual Studio Version 17
VisualStudioVersion = 17.10.35013.160
MinimumVisualStudioVersion = 10.0.40219.1
Project("{FAE04EC0-301F-11D3-BF4B-00C04F79EFBC}") = "1080", "1080\1080.csproj", "{763323B9-D58F-4D85-BD2E-CEDC41D5D2CE}"
EndProject
Global
	GlobalSection(SolutionConfigurationPlatforms) = preSolution
		Debug|Any CPU = Debug|Any CPU
		Release|Any CPU = Release|Any CPU
	EndGlobalSection
	GlobalSection(ProjectConfigurationPlatforms) = postSolution
		{763323B9-D58F-4D85-BD2E-CEDC41D5D2CE}.Debug|Any CPU.ActiveCfg = Debug|Any CPU
		{763323B9-D58F-4D85-BD2E-CEDC41D5D2CE}.Debug|Any CPU.Build.0 = Debug|Any CPU
		{763323B9-D58F-4D85-BD2E-CEDC41D5D2CE}.Release|Any CPU.ActiveCfg = Release|Any CPU
		{763323B9-D58F-4D85-BD2E-CEDC41D5D2CE}.Release|Any CPU.Build.0 = Release|Any CPU
	EndGlobalSection
	GlobalSection(SolutionProperties) = preSolution
		HideSolutionNode = FALSE
	EndGlobalSection
	GlobalSection(ExtensibilityGlobals) = postSolution
		SolutionGuid = {FB80C1F7-C354-4B09-8C90-B982DAA96C53}
	EndGlobalSection
EndGlobal
