
Microsoft Visual Studio Solution File, Format Version 12.00
# Visual Studio Version 17
VisualStudioVersion = 17.10.35027.167
MinimumVisualStudioVersion = 10.0.40219.1
Project("{FAE04EC0-301F-11D3-BF4B-00C04F79EFBC}") = "1178", "1178\1178.csproj", "{DADEFC8F-5C4E-4A37-86E0-0A29BF393AB9}"
EndProject
Global
	GlobalSection(SolutionConfigurationPlatforms) = preSolution
		Debug|Any CPU = Debug|Any CPU
		Release|Any CPU = Release|Any CPU
	EndGlobalSection
	GlobalSection(ProjectConfigurationPlatforms) = postSolution
		{DADEFC8F-5C4E-4A37-86E0-0A29BF393AB9}.Debug|Any CPU.ActiveCfg = Debug|Any CPU
		{DADEFC8F-5C4E-4A37-86E0-0A29BF393AB9}.Debug|Any CPU.Build.0 = Debug|Any CPU
		{DADEFC8F-5C4E-4A37-86E0-0A29BF393AB9}.Release|Any CPU.ActiveCfg = Release|Any CPU
		{DADEFC8F-5C4E-4A37-86E0-0A29BF393AB9}.Release|Any CPU.Build.0 = Release|Any CPU
	EndGlobalSection
	GlobalSection(SolutionProperties) = preSolution
		HideSolutionNode = FALSE
	EndGlobalSection
	GlobalSection(ExtensibilityGlobals) = postSolution
		SolutionGuid = {5EED4744-0084-46D5-BC77-0B520D2D3DF5}
	EndGlobalSection
EndGlobal
