
Microsoft Visual Studio Solution File, Format Version 12.00
# Visual Studio Version 17
VisualStudioVersion = 17.10.35013.160
MinimumVisualStudioVersion = 10.0.40219.1
Project("{FAE04EC0-301F-11D3-BF4B-00C04F79EFBC}") = "exvet3", "exvet3\exvet3.csproj", "{DAD1F559-3C68-41F4-8824-D156602A9876}"
EndProject
Global
	GlobalSection(SolutionConfigurationPlatforms) = preSolution
		Debug|Any CPU = Debug|Any CPU
		Release|Any CPU = Release|Any CPU
	EndGlobalSection
	GlobalSection(ProjectConfigurationPlatforms) = postSolution
		{DAD1F559-3C68-41F4-8824-D156602A9876}.Debug|Any CPU.ActiveCfg = Debug|Any CPU
		{DAD1F559-3C68-41F4-8824-D156602A9876}.Debug|Any CPU.Build.0 = Debug|Any CPU
		{DAD1F559-3C68-41F4-8824-D156602A9876}.Release|Any CPU.ActiveCfg = Release|Any CPU
		{DAD1F559-3C68-41F4-8824-D156602A9876}.Release|Any CPU.Build.0 = Release|Any CPU
	EndGlobalSection
	GlobalSection(SolutionProperties) = preSolution
		HideSolutionNode = FALSE
	EndGlobalSection
	GlobalSection(ExtensibilityGlobals) = postSolution
		SolutionGuid = {9C61EA25-2102-4D36-8514-1570E1CF9866}
	EndGlobalSection
EndGlobal
