
Microsoft Visual Studio Solution File, Format Version 12.00
# Visual Studio Version 17
VisualStudioVersion = 17.10.35013.160
MinimumVisualStudioVersion = 10.0.40219.1
Project("{FAE04EC0-301F-11D3-BF4B-00C04F79EFBC}") = "ConsoleApp4", "ConsoleApp4\ConsoleApp4.csproj", "{1580F6BF-FFEA-4079-B4EC-665B15B10BFE}"
EndProject
Global
	GlobalSection(SolutionConfigurationPlatforms) = preSolution
		Debug|Any CPU = Debug|Any CPU
		Release|Any CPU = Release|Any CPU
	EndGlobalSection
	GlobalSection(ProjectConfigurationPlatforms) = postSolution
		{1580F6BF-FFEA-4079-B4EC-665B15B10BFE}.Debug|Any CPU.ActiveCfg = Debug|Any CPU
		{1580F6BF-FFEA-4079-B4EC-665B15B10BFE}.Debug|Any CPU.Build.0 = Debug|Any CPU
		{1580F6BF-FFEA-4079-B4EC-665B15B10BFE}.Release|Any CPU.ActiveCfg = Release|Any CPU
		{1580F6BF-FFEA-4079-B4EC-665B15B10BFE}.Release|Any CPU.Build.0 = Release|Any CPU
	EndGlobalSection
	GlobalSection(SolutionProperties) = preSolution
		HideSolutionNode = FALSE
	EndGlobalSection
	GlobalSection(ExtensibilityGlobals) = postSolution
		SolutionGuid = {763E5089-D1B3-4650-8698-CA8C6CCEBCC6}
	EndGlobalSection
EndGlobal
