
Microsoft Visual Studio Solution File, Format Version 12.00
# Visual Studio Version 17
VisualStudioVersion = 17.10.35013.160
MinimumVisualStudioVersion = 10.0.40219.1
Project("{FAE04EC0-301F-11D3-BF4B-00C04F79EFBC}") = "NotasAlunoClasse", "NotasAlunoClasse\NotasAlunoClasse.csproj", "{B443537F-63C5-4095-AA4D-0CE8976E63AD}"
EndProject
Global
	GlobalSection(SolutionConfigurationPlatforms) = preSolution
		Debug|Any CPU = Debug|Any CPU
		Release|Any CPU = Release|Any CPU
	EndGlobalSection
	GlobalSection(ProjectConfigurationPlatforms) = postSolution
		{B443537F-63C5-4095-AA4D-0CE8976E63AD}.Debug|Any CPU.ActiveCfg = Debug|Any CPU
		{B443537F-63C5-4095-AA4D-0CE8976E63AD}.Debug|Any CPU.Build.0 = Debug|Any CPU
		{B443537F-63C5-4095-AA4D-0CE8976E63AD}.Release|Any CPU.ActiveCfg = Release|Any CPU
		{B443537F-63C5-4095-AA4D-0CE8976E63AD}.Release|Any CPU.Build.0 = Release|Any CPU
	EndGlobalSection
	GlobalSection(SolutionProperties) = preSolution
		HideSolutionNode = FALSE
	EndGlobalSection
	GlobalSection(ExtensibilityGlobals) = postSolution
		SolutionGuid = {A6B1F52E-508D-43FD-9023-5A51DFF28AAA}
	EndGlobalSection
EndGlobal
